
Microsoft Visual Studio Solution File, Format Version 12.00
# Visual Studio Version 17
VisualStudioVersion = 17.13.35931.197 d17.13
MinimumVisualStudioVersion = 10.0.40219.1
Project("{FAE04EC0-301F-11D3-BF4B-00C04F79EFBC}") = "SurveyBasket.Api", "SurveyBasket.Api\SurveyBasket.Api.csproj", "{571BB24C-3494-471E-BCE6-53CEED06B176}"
EndProject
Global
	GlobalSection(SolutionConfigurationPlatforms) = preSolution
		Debug|Any CPU = Debug|Any CPU
		Release|Any CPU = Release|Any CPU
	EndGlobalSection
	GlobalSection(ProjectConfigurationPlatforms) = postSolution
		{571BB24C-3494-471E-BCE6-53CEED06B176}.Debug|Any CPU.ActiveCfg = Debug|Any CPU
		{571BB24C-3494-471E-BCE6-53CEED06B176}.Debug|Any CPU.Build.0 = Debug|Any CPU
		{571BB24C-3494-471E-BCE6-53CEED06B176}.Release|Any CPU.ActiveCfg = Release|Any CPU
		{571BB24C-3494-471E-BCE6-53CEED06B176}.Release|Any CPU.Build.0 = Release|Any CPU
	EndGlobalSection
	GlobalSection(SolutionProperties) = preSolution
		HideSolutionNode = FALSE
	EndGlobalSection
	GlobalSection(ExtensibilityGlobals) = postSolution
		SolutionGuid = {DAABECF4-3406-451F-8B90-612435F2F669}
	EndGlobalSection
EndGlobal
